
Microsoft Visual Studio Solution File, Format Version 12.00
# Visual Studio Version 17
VisualStudioVersion = 17.14.36616.10 d17.14
MinimumVisualStudioVersion = 10.0.40219.1
Project("{FAE04EC0-301F-11D3-BF4B-00C04F79EFBC}") = "Soha", "Soha.csproj", "{CE449E15-886B-E82F-F7AE-2AF841B3DB8E}"
EndProject
Global
	GlobalSection(SolutionConfigurationPlatforms) = preSolution
		Debug|Any CPU = Debug|Any CPU
		Release|Any CPU = Release|Any CPU
	EndGlobalSection
	GlobalSection(ProjectConfigurationPlatforms) = postSolution
		{CE449E15-886B-E82F-F7AE-2AF841B3DB8E}.Debug|Any CPU.ActiveCfg = Debug|Any CPU
		{CE449E15-886B-E82F-F7AE-2AF841B3DB8E}.Debug|Any CPU.Build.0 = Debug|Any CPU
		{CE449E15-886B-E82F-F7AE-2AF841B3DB8E}.Release|Any CPU.ActiveCfg = Release|Any CPU
		{CE449E15-886B-E82F-F7AE-2AF841B3DB8E}.Release|Any CPU.Build.0 = Release|Any CPU
	EndGlobalSection
	GlobalSection(SolutionProperties) = preSolution
		HideSolutionNode = FALSE
	EndGlobalSection
	GlobalSection(ExtensibilityGlobals) = postSolution
		SolutionGuid = {14705254-1DBC-4AF1-878B-1C62DFB09C16}
	EndGlobalSection
EndGlobal
